
Microsoft Visual Studio Solution File, Format Version 12.00
# Visual Studio Version 17
VisualStudioVersion = 17.8.34525.116
MinimumVisualStudioVersion = 10.0.40219.1
Project("{8BC9CEB8-8B4A-11D0-8D11-00A0C91BC942}") = "lab 8.2.7", "lab 8.2.7\lab 8.2.7.vcxproj", "{26944141-4641-467F-9721-82A9EE5DF736}"
EndProject
Global
	GlobalSection(SolutionConfigurationPlatforms) = preSolution
		Debug|x64 = Debug|x64
		Debug|x86 = Debug|x86
		Release|x64 = Release|x64
		Release|x86 = Release|x86
	EndGlobalSection
	GlobalSection(ProjectConfigurationPlatforms) = postSolution
		{26944141-4641-467F-9721-82A9EE5DF736}.Debug|x64.ActiveCfg = Debug|x64
		{26944141-4641-467F-9721-82A9EE5DF736}.Debug|x64.Build.0 = Debug|x64
		{26944141-4641-467F-9721-82A9EE5DF736}.Debug|x86.ActiveCfg = Debug|Win32
		{26944141-4641-467F-9721-82A9EE5DF736}.Debug|x86.Build.0 = Debug|Win32
		{26944141-4641-467F-9721-82A9EE5DF736}.Release|x64.ActiveCfg = Release|x64
		{26944141-4641-467F-9721-82A9EE5DF736}.Release|x64.Build.0 = Release|x64
		{26944141-4641-467F-9721-82A9EE5DF736}.Release|x86.ActiveCfg = Release|Win32
		{26944141-4641-467F-9721-82A9EE5DF736}.Release|x86.Build.0 = Release|Win32
	EndGlobalSection
	GlobalSection(SolutionProperties) = preSolution
		HideSolutionNode = FALSE
	EndGlobalSection
	GlobalSection(ExtensibilityGlobals) = postSolution
		SolutionGuid = {13B9D105-7FC3-40CD-992B-80EFC81201BC}
	EndGlobalSection
EndGlobal
